
Microsoft Visual Studio Solution File, Format Version 12.00
# Visual Studio Version 16
VisualStudioVersion = 16.0.30225.117
MinimumVisualStudioVersion = 10.0.40219.1
Project("{9A19103F-16F7-4668-BE54-9A1E7A4F7556}") = "HelloWorldApp", "HelloWorldApp\HelloWorldApp.csproj", "{B009D98F-7669-4595-B432-D51F7A5B0D3D}"
EndProject
Project("{9A19103F-16F7-4668-BE54-9A1E7A4F7556}") = "预定义数据类型", "预定义数据类型\预定义数据类型.csproj", "{5A37F426-4F59-4342-8FBB-D2A5D80E5C5B}"
EndProject
Project("{9A19103F-16F7-4668-BE54-9A1E7A4F7556}") = "程序流控制", "程序流控制\程序流控制.csproj", "{5BFC9A56-A16C-4374-8EFB-69B9B9F22C90}"
EndProject
Project("{9A19103F-16F7-4668-BE54-9A1E7A4F7556}") = "枚举", "枚举\枚举.csproj", "{64EE102B-9C1B-42D1-BFBA-CBCF071DBE2D}"
EndProject
Project("{9A19103F-16F7-4668-BE54-9A1E7A4F7556}") = "编程准则", "编程准则\编程准则.csproj", "{A3E93E62-92B9-4C14-A565-5A1912B1DDBD}"
EndProject
Project("{9A19103F-16F7-4668-BE54-9A1E7A4F7556}") = "OOPDemo", "OOPDemo\OOPDemo.csproj", "{14DC5E6D-907B-4958-AB49-0F1944C973CF}"
EndProject
Project("{9A19103F-16F7-4668-BE54-9A1E7A4F7556}") = "Pet", "Pet\Pet.csproj", "{8E513F9A-E1A9-47B6-BFE6-F3BF1589CA47}"
EndProject
Project("{FAE04EC0-301F-11D3-BF4B-00C04F79EFBC}") = "Generic", "Generic\Generic.csproj", "{292D7A9F-5758-4431-B430-0A97E74CB8F6}"
EndProject
Project("{2150E333-8FDC-42A3-9474-1A3956D46DE8}") = "MyReflection", "MyReflection", "{CB7F0A8E-C673-4235-B270-627CDA9818FE}"
EndProject
Project("{FAE04EC0-301F-11D3-BF4B-00C04F79EFBC}") = "Reflection", "MyReflection\Reflection\Reflection.csproj", "{71067294-34DA-4859-82EF-E706239A2371}"
EndProject
Project("{FAE04EC0-301F-11D3-BF4B-00C04F79EFBC}") = "DB.MySQL", "MyReflection\DB.MySQL\DB.MySQL.csproj", "{1F225D5D-59BD-4E27-B2C0-56F04FE013EE}"
EndProject
Project("{FAE04EC0-301F-11D3-BF4B-00C04F79EFBC}") = "DB.Interface", "MyReflection\DB.Interface\DB.Interface.csproj", "{6AFD0714-48E0-455E-8C90-8121A3BDCB20}"
EndProject
Project("{FAE04EC0-301F-11D3-BF4B-00C04F79EFBC}") = "DB.SqlServer", "MyReflection\DB.SqlServer\DB.SqlServer.csproj", "{75D3BD43-3851-4F11-8E60-7DE00CA39A2C}"
EndProject
Project("{FAE04EC0-301F-11D3-BF4B-00C04F79EFBC}") = "DB.Oracle", "MyReflection\DB.Oracle\DB.Oracle.csproj", "{C3E8B1DE-F962-48BF-AC61-9368BE2A8635}"
EndProject
Global
	GlobalSection(SolutionConfigurationPlatforms) = preSolution
		Debug|Any CPU = Debug|Any CPU
		Release|Any CPU = Release|Any CPU
	EndGlobalSection
	GlobalSection(ProjectConfigurationPlatforms) = postSolution
		{B009D98F-7669-4595-B432-D51F7A5B0D3D}.Debug|Any CPU.ActiveCfg = Debug|Any CPU
		{B009D98F-7669-4595-B432-D51F7A5B0D3D}.Debug|Any CPU.Build.0 = Debug|Any CPU
		{B009D98F-7669-4595-B432-D51F7A5B0D3D}.Release|Any CPU.ActiveCfg = Release|Any CPU
		{B009D98F-7669-4595-B432-D51F7A5B0D3D}.Release|Any CPU.Build.0 = Release|Any CPU
		{5A37F426-4F59-4342-8FBB-D2A5D80E5C5B}.Debug|Any CPU.ActiveCfg = Debug|Any CPU
		{5A37F426-4F59-4342-8FBB-D2A5D80E5C5B}.Debug|Any CPU.Build.0 = Debug|Any CPU
		{5A37F426-4F59-4342-8FBB-D2A5D80E5C5B}.Release|Any CPU.ActiveCfg = Release|Any CPU
		{5A37F426-4F59-4342-8FBB-D2A5D80E5C5B}.Release|Any CPU.Build.0 = Release|Any CPU
		{5BFC9A56-A16C-4374-8EFB-69B9B9F22C90}.Debug|Any CPU.ActiveCfg = Debug|Any CPU
		{5BFC9A56-A16C-4374-8EFB-69B9B9F22C90}.Debug|Any CPU.Build.0 = Debug|Any CPU
		{5BFC9A56-A16C-4374-8EFB-69B9B9F22C90}.Release|Any CPU.ActiveCfg = Release|Any CPU
		{5BFC9A56-A16C-4374-8EFB-69B9B9F22C90}.Release|Any CPU.Build.0 = Release|Any CPU
		{64EE102B-9C1B-42D1-BFBA-CBCF071DBE2D}.Debug|Any CPU.ActiveCfg = Debug|Any CPU
		{64EE102B-9C1B-42D1-BFBA-CBCF071DBE2D}.Debug|Any CPU.Build.0 = Debug|Any CPU
		{64EE102B-9C1B-42D1-BFBA-CBCF071DBE2D}.Release|Any CPU.ActiveCfg = Release|Any CPU
		{64EE102B-9C1B-42D1-BFBA-CBCF071DBE2D}.Release|Any CPU.Build.0 = Release|Any CPU
		{A3E93E62-92B9-4C14-A565-5A1912B1DDBD}.Debug|Any CPU.ActiveCfg = Debug|Any CPU
		{A3E93E62-92B9-4C14-A565-5A1912B1DDBD}.Debug|Any CPU.Build.0 = Debug|Any CPU
		{A3E93E62-92B9-4C14-A565-5A1912B1DDBD}.Release|Any CPU.ActiveCfg = Release|Any CPU
		{A3E93E62-92B9-4C14-A565-5A1912B1DDBD}.Release|Any CPU.Build.0 = Release|Any CPU
		{14DC5E6D-907B-4958-AB49-0F1944C973CF}.Debug|Any CPU.ActiveCfg = Debug|Any CPU
		{14DC5E6D-907B-4958-AB49-0F1944C973CF}.Debug|Any CPU.Build.0 = Debug|Any CPU
		{14DC5E6D-907B-4958-AB49-0F1944C973CF}.Release|Any CPU.ActiveCfg = Release|Any CPU
		{14DC5E6D-907B-4958-AB49-0F1944C973CF}.Release|Any CPU.Build.0 = Release|Any CPU
		{8E513F9A-E1A9-47B6-BFE6-F3BF1589CA47}.Debug|Any CPU.ActiveCfg = Debug|Any CPU
		{8E513F9A-E1A9-47B6-BFE6-F3BF1589CA47}.Debug|Any CPU.Build.0 = Debug|Any CPU
		{8E513F9A-E1A9-47B6-BFE6-F3BF1589CA47}.Release|Any CPU.ActiveCfg = Release|Any CPU
		{8E513F9A-E1A9-47B6-BFE6-F3BF1589CA47}.Release|Any CPU.Build.0 = Release|Any CPU
		{292D7A9F-5758-4431-B430-0A97E74CB8F6}.Debug|Any CPU.ActiveCfg = Debug|Any CPU
		{292D7A9F-5758-4431-B430-0A97E74CB8F6}.Debug|Any CPU.Build.0 = Debug|Any CPU
		{292D7A9F-5758-4431-B430-0A97E74CB8F6}.Release|Any CPU.ActiveCfg = Release|Any CPU
		{292D7A9F-5758-4431-B430-0A97E74CB8F6}.Release|Any CPU.Build.0 = Release|Any CPU
		{71067294-34DA-4859-82EF-E706239A2371}.Debug|Any CPU.ActiveCfg = Debug|Any CPU
		{71067294-34DA-4859-82EF-E706239A2371}.Debug|Any CPU.Build.0 = Debug|Any CPU
		{71067294-34DA-4859-82EF-E706239A2371}.Release|Any CPU.ActiveCfg = Release|Any CPU
		{71067294-34DA-4859-82EF-E706239A2371}.Release|Any CPU.Build.0 = Release|Any CPU
		{1F225D5D-59BD-4E27-B2C0-56F04FE013EE}.Debug|Any CPU.ActiveCfg = Debug|Any CPU
		{1F225D5D-59BD-4E27-B2C0-56F04FE013EE}.Debug|Any CPU.Build.0 = Debug|Any CPU
		{1F225D5D-59BD-4E27-B2C0-56F04FE013EE}.Release|Any CPU.ActiveCfg = Release|Any CPU
		{1F225D5D-59BD-4E27-B2C0-56F04FE013EE}.Release|Any CPU.Build.0 = Release|Any CPU
		{6AFD0714-48E0-455E-8C90-8121A3BDCB20}.Debug|Any CPU.ActiveCfg = Debug|Any CPU
		{6AFD0714-48E0-455E-8C90-8121A3BDCB20}.Debug|Any CPU.Build.0 = Debug|Any CPU
		{6AFD0714-48E0-455E-8C90-8121A3BDCB20}.Release|Any CPU.ActiveCfg = Release|Any CPU
		{6AFD0714-48E0-455E-8C90-8121A3BDCB20}.Release|Any CPU.Build.0 = Release|Any CPU
		{75D3BD43-3851-4F11-8E60-7DE00CA39A2C}.Debug|Any CPU.ActiveCfg = Debug|Any CPU
		{75D3BD43-3851-4F11-8E60-7DE00CA39A2C}.Debug|Any CPU.Build.0 = Debug|Any CPU
		{75D3BD43-3851-4F11-8E60-7DE00CA39A2C}.Release|Any CPU.ActiveCfg = Release|Any CPU
		{75D3BD43-3851-4F11-8E60-7DE00CA39A2C}.Release|Any CPU.Build.0 = Release|Any CPU
		{C3E8B1DE-F962-48BF-AC61-9368BE2A8635}.Debug|Any CPU.ActiveCfg = Debug|Any CPU
		{C3E8B1DE-F962-48BF-AC61-9368BE2A8635}.Debug|Any CPU.Build.0 = Debug|Any CPU
		{C3E8B1DE-F962-48BF-AC61-9368BE2A8635}.Release|Any CPU.ActiveCfg = Release|Any CPU
		{C3E8B1DE-F962-48BF-AC61-9368BE2A8635}.Release|Any CPU.Build.0 = Release|Any CPU
	EndGlobalSection
	GlobalSection(SolutionProperties) = preSolution
		HideSolutionNode = FALSE
	EndGlobalSection
	GlobalSection(NestedProjects) = preSolution
		{71067294-34DA-4859-82EF-E706239A2371} = {CB7F0A8E-C673-4235-B270-627CDA9818FE}
		{1F225D5D-59BD-4E27-B2C0-56F04FE013EE} = {CB7F0A8E-C673-4235-B270-627CDA9818FE}
		{6AFD0714-48E0-455E-8C90-8121A3BDCB20} = {CB7F0A8E-C673-4235-B270-627CDA9818FE}
		{75D3BD43-3851-4F11-8E60-7DE00CA39A2C} = {CB7F0A8E-C673-4235-B270-627CDA9818FE}
		{C3E8B1DE-F962-48BF-AC61-9368BE2A8635} = {CB7F0A8E-C673-4235-B270-627CDA9818FE}
	EndGlobalSection
	GlobalSection(ExtensibilityGlobals) = postSolution
		SolutionGuid = {C39EE18E-EB0A-4007-B2C3-1B123AE78A2B}
	EndGlobalSection
EndGlobal
