
Microsoft Visual Studio Solution File, Format Version 12.00
# Visual Studio Version 16
VisualStudioVersion = 16.0.30225.117
MinimumVisualStudioVersion = 10.0.40219.1
Project("{2150E333-8FDC-42A3-9474-1A3956D46DE8}") = "01-复杂数据类型", "01-复杂数据类型", "{E697EFBE-A376-43FB-B303-9890E21E6C71}"
EndProject
Project("{FAE04EC0-301F-11D3-BF4B-00C04F79EFBC}") = "_01常量", "01-复杂数据类型\_01常量\_01常量.csproj", "{BE60313B-7C72-41E5-AE2E-186EF2010AA5}"
EndProject
Project("{FAE04EC0-301F-11D3-BF4B-00C04F79EFBC}") = "_02枚举", "01-复杂数据类型\_02枚举\_02枚举.csproj", "{AA9EB6FF-90FE-4D4D-8786-2A391FBD576B}"
EndProject
Global
	GlobalSection(SolutionConfigurationPlatforms) = preSolution
		Debug|Any CPU = Debug|Any CPU
		Release|Any CPU = Release|Any CPU
	EndGlobalSection
	GlobalSection(ProjectConfigurationPlatforms) = postSolution
		{BE60313B-7C72-41E5-AE2E-186EF2010AA5}.Debug|Any CPU.ActiveCfg = Debug|Any CPU
		{BE60313B-7C72-41E5-AE2E-186EF2010AA5}.Debug|Any CPU.Build.0 = Debug|Any CPU
		{BE60313B-7C72-41E5-AE2E-186EF2010AA5}.Release|Any CPU.ActiveCfg = Release|Any CPU
		{BE60313B-7C72-41E5-AE2E-186EF2010AA5}.Release|Any CPU.Build.0 = Release|Any CPU
		{AA9EB6FF-90FE-4D4D-8786-2A391FBD576B}.Debug|Any CPU.ActiveCfg = Debug|Any CPU
		{AA9EB6FF-90FE-4D4D-8786-2A391FBD576B}.Debug|Any CPU.Build.0 = Debug|Any CPU
		{AA9EB6FF-90FE-4D4D-8786-2A391FBD576B}.Release|Any CPU.ActiveCfg = Release|Any CPU
		{AA9EB6FF-90FE-4D4D-8786-2A391FBD576B}.Release|Any CPU.Build.0 = Release|Any CPU
	EndGlobalSection
	GlobalSection(SolutionProperties) = preSolution
		HideSolutionNode = FALSE
	EndGlobalSection
	GlobalSection(NestedProjects) = preSolution
		{BE60313B-7C72-41E5-AE2E-186EF2010AA5} = {E697EFBE-A376-43FB-B303-9890E21E6C71}
		{AA9EB6FF-90FE-4D4D-8786-2A391FBD576B} = {E697EFBE-A376-43FB-B303-9890E21E6C71}
	EndGlobalSection
	GlobalSection(ExtensibilityGlobals) = postSolution
		SolutionGuid = {C39EE18E-EB0A-4007-B2C3-1B123AE78A2B}
	EndGlobalSection
EndGlobal
